
Microsoft Visual Studio Solution File, Format Version 12.00
# Visual Studio Version 16
VisualStudioVersion = 16.0.30128.74
MinimumVisualStudioVersion = 10.0.40219.1
Project("{8BC9CEB8-8B4A-11D0-8D11-00A0C91BC942}") = "Sowl", "src\Sowl.vcxproj", "{658DD1F1-7EF4-42CF-9222-75F35D536BED}"
EndProject
Project("{8BC9CEB8-8B4A-11D0-8D11-00A0C91BC942}") = "Example1", "examples\example1\Example1.vcxproj", "{4A0496BD-8FED-4782-9F0B-22D3914D02A2}"
EndProject
Project("{2150E333-8FDC-42A3-9474-1A3956D46DE8}") = "Examples", "Examples", "{BE48C8D0-5D2C-4C98-90C8-D5A439B509E1}"
EndProject
Project("{8BC9CEB8-8B4A-11D0-8D11-00A0C91BC942}") = "Example2", "examples\example2\Example2.vcxproj", "{7DA3B28E-F481-4C1A-8C89-A19BF9DDFFFB}"
EndProject
Project("{8BC9CEB8-8B4A-11D0-8D11-00A0C91BC942}") = "Example3", "examples\example3\Example3.vcxproj", "{AD8A776C-098C-4DD8-BD6D-BD5E6D946E31}"
EndProject
Project("{8BC9CEB8-8B4A-11D0-8D11-00A0C91BC942}") = "Example4", "examples\example4\Example4.vcxproj", "{8A89F72D-4A08-4075-BE33-23F6B2B3079C}"
EndProject
Project("{8BC9CEB8-8B4A-11D0-8D11-00A0C91BC942}") = "Example5", "examples\example5\Example5.vcxproj", "{FE42D54F-B705-40C4-87A7-39EB2812F115}"
EndProject
Global
	GlobalSection(SolutionConfigurationPlatforms) = preSolution
		Debug|x64 = Debug|x64
		Debug|x86 = Debug|x86
		Release|x64 = Release|x64
		Release|x86 = Release|x86
	EndGlobalSection
	GlobalSection(ProjectConfigurationPlatforms) = postSolution
		{658DD1F1-7EF4-42CF-9222-75F35D536BED}.Debug|x64.ActiveCfg = Debug|x64
		{658DD1F1-7EF4-42CF-9222-75F35D536BED}.Debug|x64.Build.0 = Debug|x64
		{658DD1F1-7EF4-42CF-9222-75F35D536BED}.Debug|x86.ActiveCfg = Debug|Win32
		{658DD1F1-7EF4-42CF-9222-75F35D536BED}.Debug|x86.Build.0 = Debug|Win32
		{658DD1F1-7EF4-42CF-9222-75F35D536BED}.Release|x64.ActiveCfg = Release|x64
		{658DD1F1-7EF4-42CF-9222-75F35D536BED}.Release|x64.Build.0 = Release|x64
		{658DD1F1-7EF4-42CF-9222-75F35D536BED}.Release|x86.ActiveCfg = Release|Win32
		{658DD1F1-7EF4-42CF-9222-75F35D536BED}.Release|x86.Build.0 = Release|Win32
		{4A0496BD-8FED-4782-9F0B-22D3914D02A2}.Debug|x64.ActiveCfg = Debug|x64
		{4A0496BD-8FED-4782-9F0B-22D3914D02A2}.Debug|x64.Build.0 = Debug|x64
		{4A0496BD-8FED-4782-9F0B-22D3914D02A2}.Debug|x86.ActiveCfg = Debug|Win32
		{4A0496BD-8FED-4782-9F0B-22D3914D02A2}.Debug|x86.Build.0 = Debug|Win32
		{4A0496BD-8FED-4782-9F0B-22D3914D02A2}.Release|x64.ActiveCfg = Release|x64
		{4A0496BD-8FED-4782-9F0B-22D3914D02A2}.Release|x64.Build.0 = Release|x64
		{4A0496BD-8FED-4782-9F0B-22D3914D02A2}.Release|x86.ActiveCfg = Release|Win32
		{4A0496BD-8FED-4782-9F0B-22D3914D02A2}.Release|x86.Build.0 = Release|Win32
		{7DA3B28E-F481-4C1A-8C89-A19BF9DDFFFB}.Debug|x64.ActiveCfg = Debug|x64
		{7DA3B28E-F481-4C1A-8C89-A19BF9DDFFFB}.Debug|x64.Build.0 = Debug|x64
		{7DA3B28E-F481-4C1A-8C89-A19BF9DDFFFB}.Debug|x86.ActiveCfg = Debug|Win32
		{7DA3B28E-F481-4C1A-8C89-A19BF9DDFFFB}.Debug|x86.Build.0 = Debug|Win32
		{7DA3B28E-F481-4C1A-8C89-A19BF9DDFFFB}.Release|x64.ActiveCfg = Release|x64
		{7DA3B28E-F481-4C1A-8C89-A19BF9DDFFFB}.Release|x64.Build.0 = Release|x64
		{7DA3B28E-F481-4C1A-8C89-A19BF9DDFFFB}.Release|x86.ActiveCfg = Release|Win32
		{7DA3B28E-F481-4C1A-8C89-A19BF9DDFFFB}.Release|x86.Build.0 = Release|Win32
		{AD8A776C-098C-4DD8-BD6D-BD5E6D946E31}.Debug|x64.ActiveCfg = Debug|x64
		{AD8A776C-098C-4DD8-BD6D-BD5E6D946E31}.Debug|x64.Build.0 = Debug|x64
		{AD8A776C-098C-4DD8-BD6D-BD5E6D946E31}.Debug|x86.ActiveCfg = Debug|Win32
		{AD8A776C-098C-4DD8-BD6D-BD5E6D946E31}.Debug|x86.Build.0 = Debug|Win32
		{AD8A776C-098C-4DD8-BD6D-BD5E6D946E31}.Release|x64.ActiveCfg = Release|x64
		{AD8A776C-098C-4DD8-BD6D-BD5E6D946E31}.Release|x64.Build.0 = Release|x64
		{AD8A776C-098C-4DD8-BD6D-BD5E6D946E31}.Release|x86.ActiveCfg = Release|Win32
		{AD8A776C-098C-4DD8-BD6D-BD5E6D946E31}.Release|x86.Build.0 = Release|Win32
		{8A89F72D-4A08-4075-BE33-23F6B2B3079C}.Debug|x64.ActiveCfg = Debug|x64
		{8A89F72D-4A08-4075-BE33-23F6B2B3079C}.Debug|x64.Build.0 = Debug|x64
		{8A89F72D-4A08-4075-BE33-23F6B2B3079C}.Debug|x86.ActiveCfg = Debug|Win32
		{8A89F72D-4A08-4075-BE33-23F6B2B3079C}.Debug|x86.Build.0 = Debug|Win32
		{8A89F72D-4A08-4075-BE33-23F6B2B3079C}.Release|x64.ActiveCfg = Release|x64
		{8A89F72D-4A08-4075-BE33-23F6B2B3079C}.Release|x64.Build.0 = Release|x64
		{8A89F72D-4A08-4075-BE33-23F6B2B3079C}.Release|x86.ActiveCfg = Release|Win32
		{8A89F72D-4A08-4075-BE33-23F6B2B3079C}.Release|x86.Build.0 = Release|Win32
		{FE42D54F-B705-40C4-87A7-39EB2812F115}.Debug|x64.ActiveCfg = Debug|x64
		{FE42D54F-B705-40C4-87A7-39EB2812F115}.Debug|x64.Build.0 = Debug|x64
		{FE42D54F-B705-40C4-87A7-39EB2812F115}.Debug|x86.ActiveCfg = Debug|Win32
		{FE42D54F-B705-40C4-87A7-39EB2812F115}.Debug|x86.Build.0 = Debug|Win32
		{FE42D54F-B705-40C4-87A7-39EB2812F115}.Release|x64.ActiveCfg = Release|x64
		{FE42D54F-B705-40C4-87A7-39EB2812F115}.Release|x64.Build.0 = Release|x64
		{FE42D54F-B705-40C4-87A7-39EB2812F115}.Release|x86.ActiveCfg = Release|Win32
		{FE42D54F-B705-40C4-87A7-39EB2812F115}.Release|x86.Build.0 = Release|Win32
	EndGlobalSection
	GlobalSection(SolutionProperties) = preSolution
		HideSolutionNode = FALSE
	EndGlobalSection
	GlobalSection(NestedProjects) = preSolution
		{4A0496BD-8FED-4782-9F0B-22D3914D02A2} = {BE48C8D0-5D2C-4C98-90C8-D5A439B509E1}
		{7DA3B28E-F481-4C1A-8C89-A19BF9DDFFFB} = {BE48C8D0-5D2C-4C98-90C8-D5A439B509E1}
		{AD8A776C-098C-4DD8-BD6D-BD5E6D946E31} = {BE48C8D0-5D2C-4C98-90C8-D5A439B509E1}
		{8A89F72D-4A08-4075-BE33-23F6B2B3079C} = {BE48C8D0-5D2C-4C98-90C8-D5A439B509E1}
		{FE42D54F-B705-40C4-87A7-39EB2812F115} = {BE48C8D0-5D2C-4C98-90C8-D5A439B509E1}
	EndGlobalSection
	GlobalSection(ExtensibilityGlobals) = postSolution
		SolutionGuid = {D00E78A9-70DD-4BD3-9B57-48B549A4BB46}
	EndGlobalSection
EndGlobal
