<?xml version="1.0" encoding="utf-8"?>
<Project ToolsVersion="4.0" xmlns="http://schemas.microsoft.com/developer/msbuild/2003">
  <ItemGroup>
    <Filter Include="Graphics">
      <UniqueIdentifier>{fb6c113a-56ef-4f47-bc63-92ee0c5da65e}</UniqueIdentifier>
    </Filter>
    <Filter Include="Graphics\Brushes">
      <UniqueIdentifier>{28517f96-110d-4084-848d-32d8b12760ca}</UniqueIdentifier>
    </Filter>
    <Filter Include="Graphics\Cursors">
      <UniqueIdentifier>{b70f9c8f-89a0-46a0-8c49-1dd7da55e799}</UniqueIdentifier>
    </Filter>
    <Filter Include="Windows">
      <UniqueIdentifier>{1f891540-0794-4bb0-a621-21a929cf494c}</UniqueIdentifier>
    </Filter>
    <Filter Include="Windows\Customs">
      <UniqueIdentifier>{fbff14c2-fdc6-464f-8f09-77a12b24577b}</UniqueIdentifier>
    </Filter>
    <Filter Include="Windows\Controls">
      <UniqueIdentifier>{b775076b-6dca-48cf-98ee-7ca2ce9d5d44}</UniqueIdentifier>
    </Filter>
    <Filter Include="Windows\Dialogs">
      <UniqueIdentifier>{98238a02-57be-4fc9-95e4-12760442d824}</UniqueIdentifier>
    </Filter>
  </ItemGroup>
  <ItemGroup>
    <ClCompile Include="Sowl\Graphics\DeviceContext.cpp">
      <Filter>Graphics</Filter>
    </ClCompile>
    <ClCompile Include="Sowl\Graphics\PaintDeviceContext.cpp">
      <Filter>Graphics</Filter>
    </ClCompile>
    <ClCompile Include="Sowl\Graphics\Brushes\Brush.cpp">
      <Filter>Graphics\Brushes</Filter>
    </ClCompile>
    <ClCompile Include="Sowl\Graphics\Brushes\SolidBrush.cpp">
      <Filter>Graphics\Brushes</Filter>
    </ClCompile>
    <ClCompile Include="Sowl\Graphics\Brushes\StockBrushesHandles.cpp">
      <Filter>Graphics\Brushes</Filter>
    </ClCompile>
    <ClCompile Include="Sowl\Graphics\Cursors\Cursor.cpp">
      <Filter>Graphics\Cursors</Filter>
    </ClCompile>
    <ClCompile Include="Sowl\Graphics\Cursors\PredefinedCursorHandles.cpp">
      <Filter>Graphics\Cursors</Filter>
    </ClCompile>
    <ClCompile Include="Sowl\Windows\MessageLoop.cpp">
      <Filter>Windows</Filter>
    </ClCompile>
    <ClCompile Include="Sowl\Windows\Window.cpp">
      <Filter>Windows</Filter>
    </ClCompile>
    <ClCompile Include="Sowl\Windows\WindowClassBuilder.cpp">
      <Filter>Windows</Filter>
    </ClCompile>
    <ClCompile Include="Sowl\Windows\WindowHandleBuilder.cpp">
      <Filter>Windows</Filter>
    </ClCompile>
    <ClCompile Include="Sowl\Windows\Dialogs\DialogWindow.cpp">
      <Filter>Windows\Dialogs</Filter>
    </ClCompile>
    <ClCompile Include="Sowl\Windows\Dialogs\ModalDialogWindow.cpp">
      <Filter>Windows\Dialogs</Filter>
    </ClCompile>
    <ClCompile Include="Sowl\Windows\Dialogs\ModelessDialogWindow.cpp">
      <Filter>Windows\Dialogs</Filter>
    </ClCompile>
    <ClCompile Include="Sowl\Windows\Customs\CustomWindow.cpp">
      <Filter>Windows\Customs</Filter>
    </ClCompile>
    <ClCompile Include="Sowl\Windows\Controls\ButtonWindow.cpp">
      <Filter>Windows\Controls</Filter>
    </ClCompile>
    <ClCompile Include="Sowl\Windows\Controls\ControlWindow.cpp">
      <Filter>Windows\Controls</Filter>
    </ClCompile>
    <ClCompile Include="Sowl\Utilities.cpp" />
  </ItemGroup>
  <ItemGroup>
    <ClInclude Include="Sowl\Graphics\DeviceContext.h">
      <Filter>Graphics</Filter>
    </ClInclude>
    <ClInclude Include="Sowl\Graphics\PaintDeviceContext.h">
      <Filter>Graphics</Filter>
    </ClInclude>
    <ClInclude Include="Sowl\Graphics\Brushes\Brush.h">
      <Filter>Graphics\Brushes</Filter>
    </ClInclude>
    <ClInclude Include="Sowl\Graphics\Brushes\SolidBrush.h">
      <Filter>Graphics\Brushes</Filter>
    </ClInclude>
    <ClInclude Include="Sowl\Graphics\Brushes\StockBrushesHandles.h">
      <Filter>Graphics\Brushes</Filter>
    </ClInclude>
    <ClInclude Include="Sowl\Graphics\Cursors\Cursor.h">
      <Filter>Graphics\Cursors</Filter>
    </ClInclude>
    <ClInclude Include="Sowl\Graphics\Cursors\PredefinedCursorHandles.h">
      <Filter>Graphics\Cursors</Filter>
    </ClInclude>
    <ClInclude Include="Sowl\Windows\MessageLoop.h">
      <Filter>Windows</Filter>
    </ClInclude>
    <ClInclude Include="Sowl\Windows\Window.h">
      <Filter>Windows</Filter>
    </ClInclude>
    <ClInclude Include="Sowl\Windows\WindowClassBuilder.h">
      <Filter>Windows</Filter>
    </ClInclude>
    <ClInclude Include="Sowl\Windows\WindowHandleBuilder.h">
      <Filter>Windows</Filter>
    </ClInclude>
    <ClInclude Include="Sowl\Windows\Dialogs\DialogWindow.h">
      <Filter>Windows\Dialogs</Filter>
    </ClInclude>
    <ClInclude Include="Sowl\Windows\Dialogs\ModalDialogWindow.h">
      <Filter>Windows\Dialogs</Filter>
    </ClInclude>
    <ClInclude Include="Sowl\Windows\Dialogs\ModelessDialogWindow.h">
      <Filter>Windows\Dialogs</Filter>
    </ClInclude>
    <ClInclude Include="Sowl\Windows\Customs\CustomWindow.h">
      <Filter>Windows\Customs</Filter>
    </ClInclude>
    <ClInclude Include="Sowl\Windows\Controls\ButtonWindow.h">
      <Filter>Windows\Controls</Filter>
    </ClInclude>
    <ClInclude Include="Sowl\Windows\Controls\ControlWindow.h">
      <Filter>Windows\Controls</Filter>
    </ClInclude>
    <ClInclude Include="Sowl\Utilities.h" />
  </ItemGroup>
</Project>